Microsoft Visual Studio Solution File, Format Version 12.00
# Visual Studio Version 17
VisualStudioVersion = 17.5.2.0
MinimumVisualStudioVersion = 10.0.40219.1
Project("{FAE04EC0-301F-11D3-BF4B-00C04F79EFBC}") = "categoriaApi", "categoriaApi.csproj", "{142764AC-78AC-2E8D-33DC-3345E3F69B5E}"
EndProject
Global
	GlobalSection(SolutionConfigurationPlatforms) = preSolution
		Debug|Any CPU = Debug|Any CPU
		Release|Any CPU = Release|Any CPU
	EndGlobalSection
	GlobalSection(ProjectConfigurationPlatforms) = postSolution
		{142764AC-78AC-2E8D-33DC-3345E3F69B5E}.Debug|Any CPU.ActiveCfg = Debug|Any CPU
		{142764AC-78AC-2E8D-33DC-3345E3F69B5E}.Debug|Any CPU.Build.0 = Debug|Any CPU
		{142764AC-78AC-2E8D-33DC-3345E3F69B5E}.Release|Any CPU.ActiveCfg = Release|Any CPU
		{142764AC-78AC-2E8D-33DC-3345E3F69B5E}.Release|Any CPU.Build.0 = Release|Any CPU
	EndGlobalSection
	GlobalSection(SolutionProperties) = preSolution
		HideSolutionNode = FALSE
	EndGlobalSection
	GlobalSection(ExtensibilityGlobals) = postSolution
		SolutionGuid = {5FED168C-64BF-4C48-9152-E56DD50FF89B}
	EndGlobalSection
EndGlobal
